// !$*UTF8*$!
{
	archiveVersion = 1;
	classes = {
	};
	objectVersion = 50;
	objects = {

/* Begin PBXBuildFile section */
		8549FC5625AD7B7400F81723 /* AppDelegate.swift in Sources */ = {isa = PBXBuildFile; fileRef = 8549FC5525AD7B7400F81723 /* AppDelegate.swift */; };
		8549FC5825AD7B7400F81723 /* SceneDelegate.swift in Sources */ = {isa = PBXBuildFile; fileRef = 8549FC5725AD7B7400F81723 /* SceneDelegate.swift */; };
		8549FC5A25AD7B7400F81723 /* ViewController.swift in Sources */ = {isa = PBXBuildFile; fileRef = 8549FC5925AD7B7400F81723 /* ViewController.swift */; };
		8549FC5D25AD7B7400F81723 /* Main.storyboard in Resources */ = {isa = PBXBuildFile; fileRef = 8549FC5B25AD7B7400F81723 /* Main.storyboard */; };
		8549FC5F25AD7B7900F81723 /* Assets.xcassets in Resources */ = {isa = PBXBuildFile; fileRef = 8549FC5E25AD7B7900F81723 /* Assets.xcassets */; };
		8549FC6225AD7B7900F81723 /* LaunchScreen.storyboard in Resources */ = {isa = PBXBuildFile; fileRef = 8549FC6025AD7B7900F81723 /* LaunchScreen.storyboard */; };
		8549FC6D25AD7B7A00F81723 /* MyAlbumTests.swift in Sources */ = {isa = PBXBuildFile; fileRef = 8549FC6C25AD7B7A00F81723 /* MyAlbumTests.swift */; };
		8549FC7825AD7B7A00F81723 /* MyAlbumUITests.swift in Sources */ = {isa = PBXBuildFile; fileRef = 8549FC7725AD7B7A00F81723 /* MyAlbumUITests.swift */; };
/* End PBXBuildFile section */

/* Begin PBXContainerItemProxy section */
		8549FC6925AD7B7A00F81723 /* PBXContainerItemProxy */ = {
			isa = PBXContainerItemProxy;
			containerPortal = 8549FC4A25AD7B7300F81723 /* Project object */;
			proxyType = 1;
			remoteGlobalIDString = 8549FC5125AD7B7400F81723;
			remoteInfo = MyAlbum;
		};
		8549FC7425AD7B7A00F81723 /* PBXContainerItemProxy */ = {
			isa = PBXContainerItemProxy;
			containerPortal = 8549FC4A25AD7B7300F81723 /* Project object */;
			proxyType = 1;
			remoteGlobalIDString = 8549FC5125AD7B7400F81723;
			remoteInfo = MyAlbum;
		};
/* End PBXContainerItemProxy section */

/* Begin PBXFileReference section */
		8549FC5225AD7B7400F81723 /* MyAlbum.app */ = {isa = PBXFileReference; explicitFileType = wrapper.application; includeInIndex = 0; path = MyAlbum.app; sourceTree = BUILT_PRODUCTS_DIR; };
		8549FC5525AD7B7400F81723 /* AppDelegate.swift */ = {isa = PBXFileReference; lastKnownFileType = sourcecode.swift; path = AppDelegate.swift; sourceTree = "<group>"; };
		8549FC5725AD7B7400F81723 /* SceneDelegate.swift */ = {isa = PBXFileReference; lastKnownFileType = sourcecode.swift; path = SceneDelegate.swift; sourceTree = "<group>"; };
		8549FC5925AD7B7400F81723 /* ViewController.swift */ = {isa = PBXFileReference; lastKnownFileType = sourcecode.swift; path = ViewController.swift; sourceTree = "<group>"; };
		8549FC5C25AD7B7400F81723 /* Base */ = {isa = PBXFileReference; lastKnownFileType = file.storyboard; name = Base; path = Base.lproj/Main.storyboard; sourceTree = "<group>"; };
		8549FC5E25AD7B7900F81723 /* Assets.xcassets */ = {isa = PBXFileReference; lastKnownFileType = folder.assetcatalog; path = Assets.xcassets; sourceTree = "<group>"; };
		8549FC6125AD7B7900F81723 /* Base */ = {isa = PBXFileReference; lastKnownFileType = file.storyboard; name = Base; path = Base.lproj/LaunchScreen.storyboard; sourceTree = "<group>"; };
		8549FC6325AD7B7900F81723 /* Info.plist */ = {isa = PBXFileReference; lastKnownFileType = text.plist.xml; path = Info.plist; sourceTree = "<group>"; };
		8549FC6825AD7B7A00F81723 /* MyAlbumTests.xctest */ = {isa = PBXFileReference; explicitFileType = wrapper.cfbundle; includeInIndex = 0; path = MyAlbumTests.xctest; sourceTree = BUILT_PRODUCTS_DIR; };
		8549FC6C25AD7B7A00F81723 /* MyAlbumTests.swift */ = {isa = PBXFileReference; lastKnownFileType = sourcecode.swift; path = MyAlbumTests.swift; sourceTree = "<group>"; };
		8549FC6E25AD7B7A00F81723 /* Info.plist */ = {isa = PBXFileReference; lastKnownFileType = text.plist.xml; path = Info.plist; sourceTree = "<group>"; };
		8549FC7325AD7B7A00F81723 /* MyAlbumUITests.xctest */ = {isa = PBXFileReference; explicitFileType = wrapper.cfbundle; includeInIndex = 0; path = MyAlbumUITests.xctest; sourceTree = BUILT_PRODUCTS_DIR; };
		8549FC7725AD7B7A00F81723 /* MyAlbumUITests.swift */ = {isa = PBXFileReference; lastKnownFileType = sourcecode.swift; path = MyAlbumUITests.swift; sourceTree = "<group>"; };
		8549FC7925AD7B7A00F81723 /* Info.plist */ = {isa = PBXFileReference; lastKnownFileType = text.plist.xml; path = Info.plist; sourceTree = "<group>"; };
/* End PBXFileReference section */

/* Begin PBXFrameworksBuildPhase section */
		8549FC4F25AD7B7400F81723 /* Frameworks */ = {
			isa = PBXFrameworksBuildPhase;
			buildActionMask = 2147483647;
			files = (
			);
			runOnlyForDeploymentPostprocessing = 0;
		};
		8549FC6525AD7B7A00F81723 /* Frameworks */ = {
			isa = PBXFrameworksBuildPhase;
			buildActionMask = 2147483647;
			files = (
			);
			runOnlyForDeploymentPostprocessing = 0;
		};
		8549FC7025AD7B7A00F81723 /* Frameworks */ = {
			isa = PBXFrameworksBuildPhase;
			buildActionMask = 2147483647;
			files = (
			);
			runOnlyForDeploymentPostprocessing = 0;
		};
/* End PBXFrameworksBuildPhase section */

/* Begin PBXGroup section */
		8549FC4925AD7B7300F81723 = {
			isa = PBXGroup;
			children = (
				8549FC5425AD7B7400F81723 /* MyAlbum */,
				8549FC6B25AD7B7A00F81723 /* MyAlbumTests */,
				8549FC7625AD7B7A00F81723 /* MyAlbumUITests */,
				8549FC5325AD7B7400F81723 /* Products */,
			);
			sourceTree = "<group>";
		};
		8549FC5325AD7B7400F81723 /* Products */ = {
			isa = PBXGroup;
			children = (
				8549FC5225AD7B7400F81723 /* MyAlbum.app */,
				8549FC6825AD7B7A00F81723 /* MyAlbumTests.xctest */,
				8549FC7325AD7B7A00F81723 /* MyAlbumUITests.xctest */,
			);
			name = Products;
			sourceTree = "<group>";
		};
		8549FC5425AD7B7400F81723 /* MyAlbum */ = {
			isa = PBXGroup;
			children = (
				8549FC5525AD7B7400F81723 /* AppDelegate.swift */,
				8549FC5725AD7B7400F81723 /* SceneDelegate.swift */,
				8549FC5925AD7B7400F81723 /* ViewController.swift */,
				8549FC5B25AD7B7400F81723 /* Main.storyboard */,
				8549FC5E25AD7B7900F81723 /* Assets.xcassets */,
				8549FC6025AD7B7900F81723 /* LaunchScreen.storyboard */,
				8549FC6325AD7B7900F81723 /* Info.plist */,
			);
			path = MyAlbum;
			sourceTree = "<group>";
		};
		8549FC6B25AD7B7A00F81723 /* MyAlbumTests */ = {
			isa = PBXGroup;
			children = (
				8549FC6C25AD7B7A00F81723 /* MyAlbumTests.swift */,
				8549FC6E25AD7B7A00F81723 /* Info.plist */,
			);
			path = MyAlbumTests;
			sourceTree = "<group>";
		};
		8549FC7625AD7B7A00F81723 /* MyAlbumUITests */ = {
			isa = PBXGroup;
			children = (
				8549FC7725AD7B7A00F81723 /* MyAlbumUITests.swift */,
				8549FC7925AD7B7A00F81723 /* Info.plist */,
			);
			path = MyAlbumUITests;
			sourceTree = "<group>";
		};
/* End PBXGroup section */

/* Begin PBXNativeTarget section */
		8549FC5125AD7B7400F81723 /* MyAlbum */ = {
			isa = PBXNativeTarget;
			buildConfigurationList = 8549FC7C25AD7B7A00F81723 /* Build configuration list for PBXNativeTarget "MyAlbum" */;
			buildPhases = (
				8549FC4E25AD7B7400F81723 /* Sources */,
				8549FC4F25AD7B7400F81723 /* Frameworks */,
				8549FC5025AD7B7400F81723 /* Resources */,
			);
			buildRules = (
			);
			dependencies = (
			);
			name = MyAlbum;
			productName = MyAlbum;
			productReference = 8549FC5225AD7B7400F81723 /* MyAlbum.app */;
			productType = "com.apple.product-type.application";
		};
		8549FC6725AD7B7A00F81723 /* MyAlbumTests */ = {
			isa = PBXNativeTarget;
			buildConfigurationList = 8549FC7F25AD7B7A00F81723 /* Build configuration list for PBXNativeTarget "MyAlbumTests" */;
			buildPhases = (
				8549FC6425AD7B7A00F81723 /* Sources */,
				8549FC6525AD7B7A00F81723 /* Frameworks */,
				8549FC6625AD7B7A00F81723 /* Resources */,
			);
			buildRules = (
			);
			dependencies = (
				8549FC6A25AD7B7A00F81723 /* PBXTargetDependency */,
			);
			name = MyAlbumTests;
			productName = MyAlbumTests;
			productReference = 8549FC6825AD7B7A00F81723 /* MyAlbumTests.xctest */;
			productType = "com.apple.product-type.bundle.unit-test";
		};
		8549FC7225AD7B7A00F81723 /* MyAlbumUITests */ = {
			isa = PBXNativeTarget;
			buildConfigurationList = 8549FC8225AD7B7A00F81723 /* Build configuration list for PBXNativeTarget "MyAlbumUITests" */;
			buildPhases = (
				8549FC6F25AD7B7A00F81723 /* Sources */,
				8549FC7025AD7B7A00F81723 /* Frameworks */,
				8549FC7125AD7B7A00F81723 /* Resources */,
			);
			buildRules = (
			);
			dependencies = (
				8549FC7525AD7B7A00F81723 /* PBXTargetDependency */,
			);
			name = MyAlbumUITests;
			productName = MyAlbumUITests;
			productReference = 8549FC7325AD7B7A00F81723 /* MyAlbumUITests.xctest */;
			productType = "com.apple.product-type.bundle.ui-testing";
		};
/* End PBXNativeTarget section */

/* Begin PBXProject section */
		8549FC4A25AD7B7300F81723 /* Project object */ = {
			isa = PBXProject;
			attributes = {
				LastSwiftUpdateCheck = 1230;
				LastUpgradeCheck = 1230;
				TargetAttributes = {
					8549FC5125AD7B7400F81723 = {
						CreatedOnToolsVersion = 12.3;
					};
					8549FC6725AD7B7A00F81723 = {
						CreatedOnToolsVersion = 12.3;
						TestTargetID = 8549FC5125AD7B7400F81723;
					};
					8549FC7225AD7B7A00F81723 = {
						CreatedOnToolsVersion = 12.3;
						TestTargetID = 8549FC5125AD7B7400F81723;
					};
				};
			};
			buildConfigurationList = 8549FC4D25AD7B7300F81723 /* Build configuration list for PBXProject "MyAlbum" */;
			compatibilityVersion = "Xcode 9.3";
			developmentRegion = en;
			hasScannedForEncodings = 0;
			knownRegions = (
				en,
				Base,
			);
			mainGroup = 8549FC4925AD7B7300F81723;
			productRefGroup = 8549FC5325AD7B7400F81723 /* Products */;
			projectDirPath = "";
			projectRoot = "";
			targets = (
				8549FC5125AD7B7400F81723 /* MyAlbum */,
				8549FC6725AD7B7A00F81723 /* MyAlbumTests */,
				8549FC7225AD7B7A00F81723 /* MyAlbumUITests */,
			);
		};
/* End PBXProject section */

/* Begin PBXResourcesBuildPhase section */
		8549FC5025AD7B7400F81723 /* Resources */ = {
			isa = PBXResourcesBuildPhase;
			buildActionMask = 2147483647;
			files = (
				8549FC6225AD7B7900F81723 /* LaunchScreen.storyboard in Resources */,
				8549FC5F25AD7B7900F81723 /* Assets.xcassets in Resources */,
				8549FC5D25AD7B7400F81723 /* Main.storyboard in Resources */,
			);
			runOnlyForDeploymentPostprocessing = 0;
		};
		8549FC6625AD7B7A00F81723 /* Resources */ = {
			isa = PBXResourcesBuildPhase;
			buildActionMask = 2147483647;
			files = (
			);
			runOnlyForDeploymentPostprocessing = 0;
		};
		8549FC7125AD7B7A00F81723 /* Resources */ = {
			isa = PBXResourcesBuildPhase;
			buildActionMask = 2147483647;
			files = (
			);
			runOnlyForDeploymentPostprocessing = 0;
		};
/* End PBXResourcesBuildPhase section */

/* Begin PBXSourcesBuildPhase section */
		8549FC4E25AD7B7400F81723 /* Sources */ = {
			isa = PBXSourcesBuildPhase;
			buildActionMask = 2147483647;
			files = (
				8549FC5A25AD7B7400F81723 /* ViewController.swift in Sources */,
				8549FC5625AD7B7400F81723 /* AppDelegate.swift in Sources */,
				8549FC5825AD7B7400F81723 /* SceneDelegate.swift in Sources */,
			);
			runOnlyForDeploymentPostprocessing = 0;
		};
		8549FC6425AD7B7A00F81723 /* Sources */ = {
			isa = PBXSourcesBuildPhase;
			buildActionMask = 2147483647;
			files = (
				8549FC6D25AD7B7A00F81723 /* MyAlbumTests.swift in Sources */,
			);
			runOnlyForDeploymentPostprocessing = 0;
		};
		8549FC6F25AD7B7A00F81723 /* Sources */ = {
			isa = PBXSourcesBuildPhase;
			buildActionMask = 2147483647;
			files = (
				8549FC7825AD7B7A00F81723 /* MyAlbumUITests.swift in Sources */,
			);
			runOnlyForDeploymentPostprocessing = 0;
		};
/* End PBXSourcesBuildPhase section */

/* Begin PBXTargetDependency section */
		8549FC6A25AD7B7A00F81723 /* PBXTargetDependency */ = {
			isa = PBXTargetDependency;
			target = 8549FC5125AD7B7400F81723 /* MyAlbum */;
			targetProxy = 8549FC6925AD7B7A00F81723 /* PBXContainerItemProxy */;
		};
		8549FC7525AD7B7A00F81723 /* PBXTargetDependency */ = {
			isa = PBXTargetDependency;
			target = 8549FC5125AD7B7400F81723 /* MyAlbum */;
			targetProxy = 8549FC7425AD7B7A00F81723 /* PBXContainerItemProxy */;
		};
/* End PBXTargetDependency section */

/* Begin PBXVariantGroup section */
		8549FC5B25AD7B7400F81723 /* Main.storyboard */ = {
			isa = PBXVariantGroup;
			children = (
				8549FC5C25AD7B7400F81723 /* Base */,
			);
			name = Main.storyboard;
			sourceTree = "<group>";
		};
		8549FC6025AD7B7900F81723 /* LaunchScreen.storyboard */ = {
			isa = PBXVariantGroup;
			children = (
				8549FC6125AD7B7900F81723 /* Base */,
			);
			name = LaunchScreen.storyboard;
			sourceTree = "<group>";
		};
/* End PBXVariantGroup section */

/* Begin XCBuildConfiguration section */
		8549FC7A25AD7B7A00F81723 /* Debug */ = {
			isa = XCBuildConfiguration;
			buildSettings = {
				ALWAYS_SEARCH_USER_PATHS = NO;
				CLANG_ANALYZER_NONNULL = YES;
				CLANG_ANALYZER_NUMBER_OBJECT_CONVERSION = YES_AGGRESSIVE;
				CLANG_CXX_LANGUAGE_STANDARD = "gnu++14";
				CLANG_CXX_LIBRARY = "libc++";
				CLANG_ENABLE_MODULES = YES;
				CLANG_ENABLE_OBJC_ARC = YES;
				CLANG_ENABLE_OBJC_WEAK = YES;
				CLANG_WARN_BLOCK_CAPTURE_AUTORELEASING = YES;
				CLANG_WARN_BOOL_CONVERSION = YES;
				CLANG_WARN_COMMA = YES;
				CLANG_WARN_CONSTANT_CONVERSION = YES;
				CLANG_WARN_DEPRECATED_OBJC_IMPLEMENTATIONS = YES;
				CLANG_WARN_DIRECT_OBJC_ISA_USAGE = YES_ERROR;
				CLANG_WARN_DOCUMENTATION_COMMENTS = YES;
				CLANG_WARN_EMPTY_BODY = YES;
				CLANG_WARN_ENUM_CONVERSION = YES;
				CLANG_WARN_INFINITE_RECURSION = YES;
				CLANG_WARN_INT_CONVERSION = YES;
				CLANG_WARN_NON_LITERAL_NULL_CONVERSION = YES;
				CLANG_WARN_OBJC_IMPLICIT_RETAIN_SELF = YES;
				CLANG_WARN_OBJC_LITERAL_CONVERSION = YES;
				CLANG_WARN_OBJC_ROOT_CLASS = YES_ERROR;
				CLANG_WARN_QUOTED_INCLUDE_IN_FRAMEWORK_HEADER = YES;
				CLANG_WARN_RANGE_LOOP_ANALYSIS = YES;
				CLANG_WARN_STRICT_PROTOTYPES = YES;
				CLANG_WARN_SUSPICIOUS_MOVE = YES;
				CLANG_WARN_UNGUARDED_AVAILABILITY = YES_AGGRESSIVE;
				CLANG_WARN_UNREACHABLE_CODE = YES;
				CLANG_WARN__DUPLICATE_METHOD_MATCH = YES;
				COPY_PHASE_STRIP = NO;
				DEBUG_INFORMATION_FORMAT = dwarf;
				ENABLE_STRICT_OBJC_MSGSEND = YES;
				ENABLE_TESTABILITY = YES;
				GCC_C_LANGUAGE_STANDARD = gnu11;
				GCC_DYNAMIC_NO_PIC = NO;
				GCC_NO_COMMON_BLOCKS = YES;
				GCC_OPTIMIZATION_LEVEL = 0;
				GCC_PREPROCESSOR_DEFINITIONS = (
					"DEBUG=1",
					"$(inherited)",
				);
				GCC_WARN_64_TO_32_BIT_CONVERSION = YES;
				GCC_WARN_ABOUT_RETURN_TYPE = YES_ERROR;
				GCC_WARN_UNDECLARED_SELECTOR = YES;
				GCC_WARN_UNINITIALIZED_AUTOS = YES_AGGRESSIVE;
				GCC_WARN_UNUSED_FUNCTION = YES;
				GCC_WARN_UNUSED_VARIABLE = YES;
				IPHONEOS_DEPLOYMENT_TARGET = 14.3;
				MTL_ENABLE_DEBUG_INFO = INCLUDE_SOURCE;
				MTL_FAST_MATH = YES;
				ONLY_ACTIVE_ARCH = YES;
				SDKROOT = iphoneos;
				SWIFT_ACTIVE_COMPILATION_CONDITIONS = DEBUG;
				SWIFT_OPTIMIZATION_LEVEL = "-Onone";
			};
			name = Debug;
		};
		8549FC7B25AD7B7A00F81723 /* Release */ = {
			isa = XCBuildConfiguration;
			buildSettings = {
				ALWAYS_SEARCH_USER_PATHS = NO;
				CLANG_ANALYZER_NONNULL = YES;
				CLANG_ANALYZER_NUMBER_OBJECT_CONVERSION = YES_AGGRESSIVE;
				CLANG_CXX_LANGUAGE_STANDARD = "gnu++14";
				CLANG_CXX_LIBRARY = "libc++";
				CLANG_ENABLE_MODULES = YES;
				CLANG_ENABLE_OBJC_ARC = YES;
				CLANG_ENABLE_OBJC_WEAK = YES;
				CLANG_WARN_BLOCK_CAPTURE_AUTORELEASING = YES;
				CLANG_WARN_BOOL_CONVERSION = YES;
				CLANG_WARN_COMMA = YES;
				CLANG_WARN_CONSTANT_CONVERSION = YES;
				CLANG_WARN_DEPRECATED_OBJC_IMPLEMENTATIONS = YES;
				CLANG_WARN_DIRECT_OBJC_ISA_USAGE = YES_ERROR;
				CLANG_WARN_DOCUMENTATION_COMMENTS = YES;
				CLANG_WARN_EMPTY_BODY = YES;
				CLANG_WARN_ENUM_CONVERSION = YES;
				CLANG_WARN_INFINITE_RECURSION = YES;
				CLANG_WARN_INT_CONVERSION = YES;
				CLANG_WARN_NON_LITERAL_NULL_CONVERSION = YES;
				CLANG_WARN_OBJC_IMPLICIT_RETAIN_SELF = YES;
				CLANG_WARN_OBJC_LITERAL_CONVERSION = YES;
				CLANG_WARN_OBJC_ROOT_CLASS = YES_ERROR;
				CLANG_WARN_QUOTED_INCLUDE_IN_FRAMEWORK_HEADER = YES;
				CLANG_WARN_RANGE_LOOP_ANALYSIS = YES;
				CLANG_WARN_STRICT_PROTOTYPES = YES;
				CLANG_WARN_SUSPICIOUS_MOVE = YES;
				CLANG_WARN_UNGUARDED_AVAILABILITY = YES_AGGRESSIVE;
				CLANG_WARN_UNREACHABLE_CODE = YES;
				CLANG_WARN__DUPLICATE_METHOD_MATCH = YES;
				COPY_PHASE_STRIP = NO;
				DEBUG_INFORMATION_FORMAT = "dwarf-with-dsym";
				ENABLE_NS_ASSERTIONS = NO;
				ENABLE_STRICT_OBJC_MSGSEND = YES;
				GCC_C_LANGUAGE_STANDARD = gnu11;
				GCC_NO_COMMON_BLOCKS = YES;
				GCC_WARN_64_TO_32_BIT_CONVERSION = YES;
				GCC_WARN_ABOUT_RETURN_TYPE = YES_ERROR;
				GCC_WARN_UNDECLARED_SELECTOR = YES;
				GCC_WARN_UNINITIALIZED_AUTOS = YES_AGGRESSIVE;
				GCC_WARN_UNUSED_FUNCTION = YES;
				GCC_WARN_UNUSED_VARIABLE = YES;
				IPHONEOS_DEPLOYMENT_TARGET = 14.3;
				MTL_ENABLE_DEBUG_INFO = NO;
				MTL_FAST_MATH = YES;
				SDKROOT = iphoneos;
				SWIFT_COMPILATION_MODE = wholemodule;
				SWIFT_OPTIMIZATION_LEVEL = "-O";
				VALIDATE_PRODUCT = YES;
			};
			name = Release;
		};
		8549FC7D25AD7B7A00F81723 /* Debug */ = {
			isa = XCBuildConfiguration;
			buildSettings = {
				ASSETCATALOG_COMPILER_APPICON_NAME = AppIcon;
				ASSETCATALOG_COMPILER_GLOBAL_ACCENT_COLOR_NAME = AccentColor;
				CODE_SIGN_STYLE = Automatic;
				INFOPLIST_FILE = MyAlbum/Info.plist;
				LD_RUNPATH_SEARCH_PATHS = (
					"$(inherited)",
					"@executable_path/Frameworks",
				);
				PRODUCT_BUNDLE_IDENTIFIER = kr.lucia.MyAlbum;
				PRODUCT_NAME = "$(TARGET_NAME)";
				SWIFT_VERSION = 5.0;
				TARGETED_DEVICE_FAMILY = "1,2";
			};
			name = Debug;
		};
		8549FC7E25AD7B7A00F81723 /* Release */ = {
			isa = XCBuildConfiguration;
			buildSettings = {
				ASSETCATALOG_COMPILER_APPICON_NAME = AppIcon;
				ASSETCATALOG_COMPILER_GLOBAL_ACCENT_COLOR_NAME = AccentColor;
				CODE_SIGN_STYLE = Automatic;
				INFOPLIST_FILE = MyAlbum/Info.plist;
				LD_RUNPATH_SEARCH_PATHS = (
					"$(inherited)",
					"@executable_path/Frameworks",
				);
				PRODUCT_BUNDLE_IDENTIFIER = kr.lucia.MyAlbum;
				PRODUCT_NAME = "$(TARGET_NAME)";
				SWIFT_VERSION = 5.0;
				TARGETED_DEVICE_FAMILY = "1,2";
			};
			name = Release;
		};
		8549FC8025AD7B7A00F81723 /* Debug */ = {
			isa = XCBuildConfiguration;
			buildSettings = {
				ALWAYS_EMBED_SWIFT_STANDARD_LIBRARIES = YES;
				BUNDLE_LOADER = "$(TEST_HOST)";
				CODE_SIGN_STYLE = Automatic;
				INFOPLIST_FILE = MyAlbumTests/Info.plist;
				IPHONEOS_DEPLOYMENT_TARGET = 14.3;
				LD_RUNPATH_SEARCH_PATHS = (
					"$(inherited)",
					"@executable_path/Frameworks",
					"@loader_path/Frameworks",
				);
				PRODUCT_BUNDLE_IDENTIFIER = kr.lucia.MyAlbumTests;
				PRODUCT_NAME = "$(TARGET_NAME)";
				SWIFT_VERSION = 5.0;
				TARGETED_DEVICE_FAMILY = "1,2";
				TEST_HOST = "$(BUILT_PRODUCTS_DIR)/MyAlbum.app/MyAlbum";
			};
			name = Debug;
		};
		8549FC8125AD7B7A00F81723 /* Release */ = {
			isa = XCBuildConfiguration;
			buildSettings = {
				ALWAYS_EMBED_SWIFT_STANDARD_LIBRARIES = YES;
				BUNDLE_LOADER = "$(TEST_HOST)";
				CODE_SIGN_STYLE = Automatic;
				INFOPLIST_FILE = MyAlbumTests/Info.plist;
				IPHONEOS_DEPLOYMENT_TARGET = 14.3;
				LD_RUNPATH_SEARCH_PATHS = (
					"$(inherited)",
					"@executable_path/Frameworks",
					"@loader_path/Frameworks",
				);
				PRODUCT_BUNDLE_IDENTIFIER = kr.lucia.MyAlbumTests;
				PRODUCT_NAME = "$(TARGET_NAME)";
				SWIFT_VERSION = 5.0;
				TARGETED_DEVICE_FAMILY = "1,2";
				TEST_HOST = "$(BUILT_PRODUCTS_DIR)/MyAlbum.app/MyAlbum";
			};
			name = Release;
		};
		8549FC8325AD7B7A00F81723 /* Debug */ = {
			isa = XCBuildConfiguration;
			buildSettings = {
				ALWAYS_EMBED_SWIFT_STANDARD_LIBRARIES = YES;
				CODE_SIGN_STYLE = Automatic;
				INFOPLIST_FILE = MyAlbumUITests/Info.plist;
				LD_RUNPATH_SEARCH_PATHS = (
					"$(inherited)",
					"@executable_path/Frameworks",
					"@loader_path/Frameworks",
				);
				PRODUCT_BUNDLE_IDENTIFIER = kr.lucia.MyAlbumUITests;
				PRODUCT_NAME = "$(TARGET_NAME)";
				SWIFT_VERSION = 5.0;
				TARGETED_DEVICE_FAMILY = "1,2";
				TEST_TARGET_NAME = MyAlbum;
			};
			name = Debug;
		};
		8549FC8425AD7B7A00F81723 /* Release */ = {
			isa = XCBuildConfiguration;
			buildSettings = {
				ALWAYS_EMBED_SWIFT_STANDARD_LIBRARIES = YES;
				CODE_SIGN_STYLE = Automatic;
				INFOPLIST_FILE = MyAlbumUITests/Info.plist;
				LD_RUNPATH_SEARCH_PATHS = (
					"$(inherited)",
					"@executable_path/Frameworks",
					"@loader_path/Frameworks",
				);
				PRODUCT_BUNDLE_IDENTIFIER = kr.lucia.MyAlbumUITests;
				PRODUCT_NAME = "$(TARGET_NAME)";
				SWIFT_VERSION = 5.0;
				TARGETED_DEVICE_FAMILY = "1,2";
				TEST_TARGET_NAME = MyAlbum;
			};
			name = Release;
		};
/* End XCBuildConfiguration section */

/* Begin XCConfigurationList section */
		8549FC4D25AD7B7300F81723 /* Build configuration list for PBXProject "MyAlbum" */ = {
			isa = XCConfigurationList;
			buildConfigurations = (
				8549FC7A25AD7B7A00F81723 /* Debug */,
				8549FC7B25AD7B7A00F81723 /* Release */,
			);
			defaultConfigurationIsVisible = 0;
			defaultConfigurationName = Release;
		};
		8549FC7C25AD7B7A00F81723 /* Build configuration list for PBXNativeTarget "MyAlbum" */ = {
			isa = XCConfigurationList;
			buildConfigurations = (
				8549FC7D25AD7B7A00F81723 /* Debug */,
				8549FC7E25AD7B7A00F81723 /* Release */,
			);
			defaultConfigurationIsVisible = 0;
			defaultConfigurationName = Release;
		};
		8549FC7F25AD7B7A00F81723 /* Build configuration list for PBXNativeTarget "MyAlbumTests" */ = {
			isa = XCConfigurationList;
			buildConfigurations = (
				8549FC8025AD7B7A00F81723 /* Debug */,
				8549FC8125AD7B7A00F81723 /* Release */,
			);
			defaultConfigurationIsVisible = 0;
			defaultConfigurationName = Release;
		};
		8549FC8225AD7B7A00F81723 /* Build configuration list for PBXNativeTarget "MyAlbumUITests" */ = {
			isa = XCConfigurationList;
			buildConfigurations = (
				8549FC8325AD7B7A00F81723 /* Debug */,
				8549FC8425AD7B7A00F81723 /* Release */,
			);
			defaultConfigurationIsVisible = 0;
			defaultConfigurationName = Release;
		};
/* End XCConfigurationList section */
	};
	rootObject = 8549FC4A25AD7B7300F81723 /* Project object */;
}
