// !$*UTF8*$!
{
	archiveVersion = 1;
	classes = {
	};
	objectVersion = 50;
	objects = {

/* Begin PBXBuildFile section */
		3D6F1DD930272ED0F35D0A7E /* Pods_Firebase101.framework in Frameworks */ = {isa = PBXBuildFile; fileRef = F83538F62823EF45D12BA553 /* Pods_Firebase101.framework */; };
		8588084F264A41000068B693 /* AppDelegate.swift in Sources */ = {isa = PBXBuildFile; fileRef = 8588084E264A41000068B693 /* AppDelegate.swift */; };
		85880851264A41000068B693 /* SceneDelegate.swift in Sources */ = {isa = PBXBuildFile; fileRef = 85880850264A41000068B693 /* SceneDelegate.swift */; };
		85880853264A41000068B693 /* ViewController.swift in Sources */ = {isa = PBXBuildFile; fileRef = 85880852264A41000068B693 /* ViewController.swift */; };
		85880856264A41000068B693 /* Main.storyboard in Resources */ = {isa = PBXBuildFile; fileRef = 85880854264A41000068B693 /* Main.storyboard */; };
		85880858264A41040068B693 /* Assets.xcassets in Resources */ = {isa = PBXBuildFile; fileRef = 85880857264A41040068B693 /* Assets.xcassets */; };
		8588085B264A41040068B693 /* LaunchScreen.storyboard in Resources */ = {isa = PBXBuildFile; fileRef = 85880859264A41040068B693 /* LaunchScreen.storyboard */; };
		85880863264A427E0068B693 /* GoogleService-Info.plist in Resources */ = {isa = PBXBuildFile; fileRef = 85880862264A427E0068B693 /* GoogleService-Info.plist */; };
/* End PBXBuildFile section */

/* Begin PBXFileReference section */
		60EC0E0A641A86CC0D4692AD /* Pods-Firebase101.release.xcconfig */ = {isa = PBXFileReference; includeInIndex = 1; lastKnownFileType = text.xcconfig; name = "Pods-Firebase101.release.xcconfig"; path = "Target Support Files/Pods-Firebase101/Pods-Firebase101.release.xcconfig"; sourceTree = "<group>"; };
		81FE2A35585DE828073CF125 /* Pods-Firebase101.debug.xcconfig */ = {isa = PBXFileReference; includeInIndex = 1; lastKnownFileType = text.xcconfig; name = "Pods-Firebase101.debug.xcconfig"; path = "Target Support Files/Pods-Firebase101/Pods-Firebase101.debug.xcconfig"; sourceTree = "<group>"; };
		8588084B264A41000068B693 /* Firebase101.app */ = {isa = PBXFileReference; explicitFileType = wrapper.application; includeInIndex = 0; path = Firebase101.app; sourceTree = BUILT_PRODUCTS_DIR; };
		8588084E264A41000068B693 /* AppDelegate.swift */ = {isa = PBXFileReference; lastKnownFileType = sourcecode.swift; path = AppDelegate.swift; sourceTree = "<group>"; };
		85880850264A41000068B693 /* SceneDelegate.swift */ = {isa = PBXFileReference; lastKnownFileType = sourcecode.swift; path = SceneDelegate.swift; sourceTree = "<group>"; };
		85880852264A41000068B693 /* ViewController.swift */ = {isa = PBXFileReference; lastKnownFileType = sourcecode.swift; path = ViewController.swift; sourceTree = "<group>"; };
		85880855264A41000068B693 /* Base */ = {isa = PBXFileReference; lastKnownFileType = file.storyboard; name = Base; path = Base.lproj/Main.storyboard; sourceTree = "<group>"; };
		85880857264A41040068B693 /* Assets.xcassets */ = {isa = PBXFileReference; lastKnownFileType = folder.assetcatalog; path = Assets.xcassets; sourceTree = "<group>"; };
		8588085A264A41040068B693 /* Base */ = {isa = PBXFileReference; lastKnownFileType = file.storyboard; name = Base; path = Base.lproj/LaunchScreen.storyboard; sourceTree = "<group>"; };
		8588085C264A41040068B693 /* Info.plist */ = {isa = PBXFileReference; lastKnownFileType = text.plist.xml; path = Info.plist; sourceTree = "<group>"; };
		85880862264A427E0068B693 /* GoogleService-Info.plist */ = {isa = PBXFileReference; fileEncoding = 4; lastKnownFileType = text.plist.xml; path = "GoogleService-Info.plist"; sourceTree = "<group>"; };
		F83538F62823EF45D12BA553 /* Pods_Firebase101.framework */ = {isa = PBXFileReference; explicitFileType = wrapper.framework; includeInIndex = 0; path = Pods_Firebase101.framework; sourceTree = BUILT_PRODUCTS_DIR; };
/* End PBXFileReference section */

/* Begin PBXFrameworksBuildPhase section */
		85880848264A41000068B693 /* Frameworks */ = {
			isa = PBXFrameworksBuildPhase;
			buildActionMask = 2147483647;
			files = (
				3D6F1DD930272ED0F35D0A7E /* Pods_Firebase101.framework in Frameworks */,
			);
			runOnlyForDeploymentPostprocessing = 0;
		};
/* End PBXFrameworksBuildPhase section */

/* Begin PBXGroup section */
		85880842264A41000068B693 = {
			isa = PBXGroup;
			children = (
				8588084D264A41000068B693 /* Firebase101 */,
				8588084C264A41000068B693 /* Products */,
				89A288138ECF59A3F1C2F56F /* Pods */,
				AF6CB4E8FC91BC54A8FBCC44 /* Frameworks */,
			);
			sourceTree = "<group>";
		};
		8588084C264A41000068B693 /* Products */ = {
			isa = PBXGroup;
			children = (
				8588084B264A41000068B693 /* Firebase101.app */,
			);
			name = Products;
			sourceTree = "<group>";
		};
		8588084D264A41000068B693 /* Firebase101 */ = {
			isa = PBXGroup;
			children = (
				8588084E264A41000068B693 /* AppDelegate.swift */,
				85880850264A41000068B693 /* SceneDelegate.swift */,
				85880852264A41000068B693 /* ViewController.swift */,
				85880854264A41000068B693 /* Main.storyboard */,
				85880857264A41040068B693 /* Assets.xcassets */,
				85880859264A41040068B693 /* LaunchScreen.storyboard */,
				8588085C264A41040068B693 /* Info.plist */,
				85880862264A427E0068B693 /* GoogleService-Info.plist */,
			);
			path = Firebase101;
			sourceTree = "<group>";
		};
		89A288138ECF59A3F1C2F56F /* Pods */ = {
			isa = PBXGroup;
			children = (
				81FE2A35585DE828073CF125 /* Pods-Firebase101.debug.xcconfig */,
				60EC0E0A641A86CC0D4692AD /* Pods-Firebase101.release.xcconfig */,
			);
			name = Pods;
			path = Pods;
			sourceTree = "<group>";
		};
		AF6CB4E8FC91BC54A8FBCC44 /* Frameworks */ = {
			isa = PBXGroup;
			children = (
				F83538F62823EF45D12BA553 /* Pods_Firebase101.framework */,
			);
			name = Frameworks;
			sourceTree = "<group>";
		};
/* End PBXGroup section */

/* Begin PBXNativeTarget section */
		8588084A264A41000068B693 /* Firebase101 */ = {
			isa = PBXNativeTarget;
			buildConfigurationList = 8588085F264A41040068B693 /* Build configuration list for PBXNativeTarget "Firebase101" */;
			buildPhases = (
				C67DD90272B2E5E6D2979EEF /* [CP] Check Pods Manifest.lock */,
				85880847264A41000068B693 /* Sources */,
				85880848264A41000068B693 /* Frameworks */,
				85880849264A41000068B693 /* Resources */,
				76B6C586069FD9C5843FFFD0 /* [CP] Embed Pods Frameworks */,
			);
			buildRules = (
			);
			dependencies = (
			);
			name = Firebase101;
			productName = Firebase101;
			productReference = 8588084B264A41000068B693 /* Firebase101.app */;
			productType = "com.apple.product-type.application";
		};
/* End PBXNativeTarget section */

/* Begin PBXProject section */
		85880843264A41000068B693 /* Project object */ = {
			isa = PBXProject;
			attributes = {
				LastSwiftUpdateCheck = 1250;
				LastUpgradeCheck = 1250;
				TargetAttributes = {
					8588084A264A41000068B693 = {
						CreatedOnToolsVersion = 12.5;
					};
				};
			};
			buildConfigurationList = 85880846264A41000068B693 /* Build configuration list for PBXProject "Firebase101" */;
			compatibilityVersion = "Xcode 9.3";
			developmentRegion = en;
			hasScannedForEncodings = 0;
			knownRegions = (
				en,
				Base,
			);
			mainGroup = 85880842264A41000068B693;
			productRefGroup = 8588084C264A41000068B693 /* Products */;
			projectDirPath = "";
			projectRoot = "";
			targets = (
				8588084A264A41000068B693 /* Firebase101 */,
			);
		};
/* End PBXProject section */

/* Begin PBXResourcesBuildPhase section */
		85880849264A41000068B693 /* Resources */ = {
			isa = PBXResourcesBuildPhase;
			buildActionMask = 2147483647;
			files = (
				8588085B264A41040068B693 /* LaunchScreen.storyboard in Resources */,
				85880863264A427E0068B693 /* GoogleService-Info.plist in Resources */,
				85880858264A41040068B693 /* Assets.xcassets in Resources */,
				85880856264A41000068B693 /* Main.storyboard in Resources */,
			);
			runOnlyForDeploymentPostprocessing = 0;
		};
/* End PBXResourcesBuildPhase section */

/* Begin PBXShellScriptBuildPhase section */
		76B6C586069FD9C5843FFFD0 /* [CP] Embed Pods Frameworks */ = {
			isa = PBXShellScriptBuildPhase;
			buildActionMask = 2147483647;
			files = (
			);
			inputFileListPaths = (
				"${PODS_ROOT}/Target Support Files/Pods-Firebase101/Pods-Firebase101-frameworks-${CONFIGURATION}-input-files.xcfilelist",
			);
			name = "[CP] Embed Pods Frameworks";
			outputFileListPaths = (
				"${PODS_ROOT}/Target Support Files/Pods-Firebase101/Pods-Firebase101-frameworks-${CONFIGURATION}-output-files.xcfilelist",
			);
			runOnlyForDeploymentPostprocessing = 0;
			shellPath = /bin/sh;
			shellScript = "\"${PODS_ROOT}/Target Support Files/Pods-Firebase101/Pods-Firebase101-frameworks.sh\"\n";
			showEnvVarsInLog = 0;
		};
		C67DD90272B2E5E6D2979EEF /* [CP] Check Pods Manifest.lock */ = {
			isa = PBXShellScriptBuildPhase;
			buildActionMask = 2147483647;
			files = (
			);
			inputFileListPaths = (
			);
			inputPaths = (
				"${PODS_PODFILE_DIR_PATH}/Podfile.lock",
				"${PODS_ROOT}/Manifest.lock",
			);
			name = "[CP] Check Pods Manifest.lock";
			outputFileListPaths = (
			);
			outputPaths = (
				"$(DERIVED_FILE_DIR)/Pods-Firebase101-checkManifestLockResult.txt",
			);
			runOnlyForDeploymentPostprocessing = 0;
			shellPath = /bin/sh;
			shellScript = "diff \"${PODS_PODFILE_DIR_PATH}/Podfile.lock\" \"${PODS_ROOT}/Manifest.lock\" > /dev/null\nif [ $? != 0 ] ; then\n    # print error to STDERR\n    echo \"error: The sandbox is not in sync with the Podfile.lock. Run 'pod install' or update your CocoaPods installation.\" >&2\n    exit 1\nfi\n# This output is used by Xcode 'outputs' to avoid re-running this script phase.\necho \"SUCCESS\" > \"${SCRIPT_OUTPUT_FILE_0}\"\n";
			showEnvVarsInLog = 0;
		};
/* End PBXShellScriptBuildPhase section */

/* Begin PBXSourcesBuildPhase section */
		85880847264A41000068B693 /* Sources */ = {
			isa = PBXSourcesBuildPhase;
			buildActionMask = 2147483647;
			files = (
				85880853264A41000068B693 /* ViewController.swift in Sources */,
				8588084F264A41000068B693 /* AppDelegate.swift in Sources */,
				85880851264A41000068B693 /* SceneDelegate.swift in Sources */,
			);
			runOnlyForDeploymentPostprocessing = 0;
		};
/* End PBXSourcesBuildPhase section */

/* Begin PBXVariantGroup section */
		85880854264A41000068B693 /* Main.storyboard */ = {
			isa = PBXVariantGroup;
			children = (
				85880855264A41000068B693 /* Base */,
			);
			name = Main.storyboard;
			sourceTree = "<group>";
		};
		85880859264A41040068B693 /* LaunchScreen.storyboard */ = {
			isa = PBXVariantGroup;
			children = (
				8588085A264A41040068B693 /* Base */,
			);
			name = LaunchScreen.storyboard;
			sourceTree = "<group>";
		};
/* End PBXVariantGroup section */

/* Begin XCBuildConfiguration section */
		8588085D264A41040068B693 /* Debug */ = {
			isa = XCBuildConfiguration;
			buildSettings = {
				ALWAYS_SEARCH_USER_PATHS = NO;
				CLANG_ANALYZER_NONNULL = YES;
				CLANG_ANALYZER_NUMBER_OBJECT_CONVERSION = YES_AGGRESSIVE;
				CLANG_CXX_LANGUAGE_STANDARD = "gnu++14";
				CLANG_CXX_LIBRARY = "libc++";
				CLANG_ENABLE_MODULES = YES;
				CLANG_ENABLE_OBJC_ARC = YES;
				CLANG_ENABLE_OBJC_WEAK = YES;
				CLANG_WARN_BLOCK_CAPTURE_AUTORELEASING = YES;
				CLANG_WARN_BOOL_CONVERSION = YES;
				CLANG_WARN_COMMA = YES;
				CLANG_WARN_CONSTANT_CONVERSION = YES;
				CLANG_WARN_DEPRECATED_OBJC_IMPLEMENTATIONS = YES;
				CLANG_WARN_DIRECT_OBJC_ISA_USAGE = YES_ERROR;
				CLANG_WARN_DOCUMENTATION_COMMENTS = YES;
				CLANG_WARN_EMPTY_BODY = YES;
				CLANG_WARN_ENUM_CONVERSION = YES;
				CLANG_WARN_INFINITE_RECURSION = YES;
				CLANG_WARN_INT_CONVERSION = YES;
				CLANG_WARN_NON_LITERAL_NULL_CONVERSION = YES;
				CLANG_WARN_OBJC_IMPLICIT_RETAIN_SELF = YES;
				CLANG_WARN_OBJC_LITERAL_CONVERSION = YES;
				CLANG_WARN_OBJC_ROOT_CLASS = YES_ERROR;
				CLANG_WARN_QUOTED_INCLUDE_IN_FRAMEWORK_HEADER = YES;
				CLANG_WARN_RANGE_LOOP_ANALYSIS = YES;
				CLANG_WARN_STRICT_PROTOTYPES = YES;
				CLANG_WARN_SUSPICIOUS_MOVE = YES;
				CLANG_WARN_UNGUARDED_AVAILABILITY = YES_AGGRESSIVE;
				CLANG_WARN_UNREACHABLE_CODE = YES;
				CLANG_WARN__DUPLICATE_METHOD_MATCH = YES;
				COPY_PHASE_STRIP = NO;
				DEBUG_INFORMATION_FORMAT = dwarf;
				ENABLE_STRICT_OBJC_MSGSEND = YES;
				ENABLE_TESTABILITY = YES;
				GCC_C_LANGUAGE_STANDARD = gnu11;
				GCC_DYNAMIC_NO_PIC = NO;
				GCC_NO_COMMON_BLOCKS = YES;
				GCC_OPTIMIZATION_LEVEL = 0;
				GCC_PREPROCESSOR_DEFINITIONS = (
					"DEBUG=1",
					"$(inherited)",
				);
				GCC_WARN_64_TO_32_BIT_CONVERSION = YES;
				GCC_WARN_ABOUT_RETURN_TYPE = YES_ERROR;
				GCC_WARN_UNDECLARED_SELECTOR = YES;
				GCC_WARN_UNINITIALIZED_AUTOS = YES_AGGRESSIVE;
				GCC_WARN_UNUSED_FUNCTION = YES;
				GCC_WARN_UNUSED_VARIABLE = YES;
				IPHONEOS_DEPLOYMENT_TARGET = 14.5;
				MTL_ENABLE_DEBUG_INFO = INCLUDE_SOURCE;
				MTL_FAST_MATH = YES;
				ONLY_ACTIVE_ARCH = YES;
				SDKROOT = iphoneos;
				SWIFT_ACTIVE_COMPILATION_CONDITIONS = DEBUG;
				SWIFT_OPTIMIZATION_LEVEL = "-Onone";
			};
			name = Debug;
		};
		8588085E264A41040068B693 /* Release */ = {
			isa = XCBuildConfiguration;
			buildSettings = {
				ALWAYS_SEARCH_USER_PATHS = NO;
				CLANG_ANALYZER_NONNULL = YES;
				CLANG_ANALYZER_NUMBER_OBJECT_CONVERSION = YES_AGGRESSIVE;
				CLANG_CXX_LANGUAGE_STANDARD = "gnu++14";
				CLANG_CXX_LIBRARY = "libc++";
				CLANG_ENABLE_MODULES = YES;
				CLANG_ENABLE_OBJC_ARC = YES;
				CLANG_ENABLE_OBJC_WEAK = YES;
				CLANG_WARN_BLOCK_CAPTURE_AUTORELEASING = YES;
				CLANG_WARN_BOOL_CONVERSION = YES;
				CLANG_WARN_COMMA = YES;
				CLANG_WARN_CONSTANT_CONVERSION = YES;
				CLANG_WARN_DEPRECATED_OBJC_IMPLEMENTATIONS = YES;
				CLANG_WARN_DIRECT_OBJC_ISA_USAGE = YES_ERROR;
				CLANG_WARN_DOCUMENTATION_COMMENTS = YES;
				CLANG_WARN_EMPTY_BODY = YES;
				CLANG_WARN_ENUM_CONVERSION = YES;
				CLANG_WARN_INFINITE_RECURSION = YES;
				CLANG_WARN_INT_CONVERSION = YES;
				CLANG_WARN_NON_LITERAL_NULL_CONVERSION = YES;
				CLANG_WARN_OBJC_IMPLICIT_RETAIN_SELF = YES;
				CLANG_WARN_OBJC_LITERAL_CONVERSION = YES;
				CLANG_WARN_OBJC_ROOT_CLASS = YES_ERROR;
				CLANG_WARN_QUOTED_INCLUDE_IN_FRAMEWORK_HEADER = YES;
				CLANG_WARN_RANGE_LOOP_ANALYSIS = YES;
				CLANG_WARN_STRICT_PROTOTYPES = YES;
				CLANG_WARN_SUSPICIOUS_MOVE = YES;
				CLANG_WARN_UNGUARDED_AVAILABILITY = YES_AGGRESSIVE;
				CLANG_WARN_UNREACHABLE_CODE = YES;
				CLANG_WARN__DUPLICATE_METHOD_MATCH = YES;
				COPY_PHASE_STRIP = NO;
				DEBUG_INFORMATION_FORMAT = "dwarf-with-dsym";
				ENABLE_NS_ASSERTIONS = NO;
				ENABLE_STRICT_OBJC_MSGSEND = YES;
				GCC_C_LANGUAGE_STANDARD = gnu11;
				GCC_NO_COMMON_BLOCKS = YES;
				GCC_WARN_64_TO_32_BIT_CONVERSION = YES;
				GCC_WARN_ABOUT_RETURN_TYPE = YES_ERROR;
				GCC_WARN_UNDECLARED_SELECTOR = YES;
				GCC_WARN_UNINITIALIZED_AUTOS = YES_AGGRESSIVE;
				GCC_WARN_UNUSED_FUNCTION = YES;
				GCC_WARN_UNUSED_VARIABLE = YES;
				IPHONEOS_DEPLOYMENT_TARGET = 14.5;
				MTL_ENABLE_DEBUG_INFO = NO;
				MTL_FAST_MATH = YES;
				SDKROOT = iphoneos;
				SWIFT_COMPILATION_MODE = wholemodule;
				SWIFT_OPTIMIZATION_LEVEL = "-O";
				VALIDATE_PRODUCT = YES;
			};
			name = Release;
		};
		85880860264A41040068B693 /* Debug */ = {
			isa = XCBuildConfiguration;
			baseConfigurationReference = 81FE2A35585DE828073CF125 /* Pods-Firebase101.debug.xcconfig */;
			buildSettings = {
				ASSETCATALOG_COMPILER_APPICON_NAME = AppIcon;
				ASSETCATALOG_COMPILER_GLOBAL_ACCENT_COLOR_NAME = AccentColor;
				CODE_SIGN_STYLE = Automatic;
				INFOPLIST_FILE = Firebase101/Info.plist;
				LD_RUNPATH_SEARCH_PATHS = (
					"$(inherited)",
					"@executable_path/Frameworks",
				);
				PRODUCT_BUNDLE_IDENTIFIER = kr.lucia.Firebase101;
				PRODUCT_NAME = "$(TARGET_NAME)";
				SWIFT_VERSION = 5.0;
				TARGETED_DEVICE_FAMILY = "1,2";
			};
			name = Debug;
		};
		85880861264A41040068B693 /* Release */ = {
			isa = XCBuildConfiguration;
			baseConfigurationReference = 60EC0E0A641A86CC0D4692AD /* Pods-Firebase101.release.xcconfig */;
			buildSettings = {
				ASSETCATALOG_COMPILER_APPICON_NAME = AppIcon;
				ASSETCATALOG_COMPILER_GLOBAL_ACCENT_COLOR_NAME = AccentColor;
				CODE_SIGN_STYLE = Automatic;
				INFOPLIST_FILE = Firebase101/Info.plist;
				LD_RUNPATH_SEARCH_PATHS = (
					"$(inherited)",
					"@executable_path/Frameworks",
				);
				PRODUCT_BUNDLE_IDENTIFIER = kr.lucia.Firebase101;
				PRODUCT_NAME = "$(TARGET_NAME)";
				SWIFT_VERSION = 5.0;
				TARGETED_DEVICE_FAMILY = "1,2";
			};
			name = Release;
		};
/* End XCBuildConfiguration section */

/* Begin XCConfigurationList section */
		85880846264A41000068B693 /* Build configuration list for PBXProject "Firebase101" */ = {
			isa = XCConfigurationList;
			buildConfigurations = (
				8588085D264A41040068B693 /* Debug */,
				8588085E264A41040068B693 /* Release */,
			);
			defaultConfigurationIsVisible = 0;
			defaultConfigurationName = Release;
		};
		8588085F264A41040068B693 /* Build configuration list for PBXNativeTarget "Firebase101" */ = {
			isa = XCConfigurationList;
			buildConfigurations = (
				85880860264A41040068B693 /* Debug */,
				85880861264A41040068B693 /* Release */,
			);
			defaultConfigurationIsVisible = 0;
			defaultConfigurationName = Release;
		};
/* End XCConfigurationList section */
	};
	rootObject = 85880843264A41000068B693 /* Project object */;
}
